lockfileVersion: '6.0'

settings:
  autoInstallPeers: true
  excludeLinksFromLockfile: false

dependencies:
  xstate:
    specifier: beta
    version: 5.0.0-beta.48

devDependencies:
  typescript:
    specifier: ^5.2.2
    version: 5.3.2

packages:

  /typescript@5.3.2:
    resolution: {integrity: sha512-6l+RyNy7oAHDfxC4FzSJcz9vnjTKxrLpDG5M2Vu4SHRVNg6xzqZp6LYSR9zjqQTu8DU/f5xwxUdADOkbrIX2gQ==}
    engines: {node: '>=14.17'}
    hasBin: true
    dev: true

  /xstate@5.0.0-beta.48:
    resolution: {integrity: sha512-L+JKsauxeuGg3KS732bCXhh9mBIj32s595R3bWH8TQqxZztPOw+eM80x8YgWxF5LJYU/cc1BoZpCG/D+UoX5wg==}
    dev: false
